
Microsoft Visual Studio Solution File, Format Version 12.00
# Visual Studio Version 16
VisualStudioVersion = 16.0.30320.27
MinimumVisualStudioVersion = 10.0.40219.1
Project("{FAE04EC0-301F-11D3-BF4B-00C04F79EFBC}") = "Operations", "Operations\Operations.csproj", "{814C8C51-9F8F-45AD-BE8C-8B1A89AD6EBD}"
EndProject
Project("{FAE04EC0-301F-11D3-BF4B-00C04F79EFBC}") = "Animals", "Animals\Animals.csproj", "{340FB60D-220C-41AE-88F2-C24831B593C6}"
EndProject
Project("{FAE04EC0-301F-11D3-BF4B-00C04F79EFBC}") = "Shapes", "Shapes\Shapes.csproj", "{D3EF3F2F-6351-4E2F-9650-7C8271B6EADA}"
EndProject
Global
	GlobalSection(SolutionConfigurationPlatforms) = preSolution
		Debug|Any CPU = Debug|Any CPU
		Release|Any CPU = Release|Any CPU
	EndGlobalSection
	GlobalSection(ProjectConfigurationPlatforms) = postSolution
		{814C8C51-9F8F-45AD-BE8C-8B1A89AD6EBD}.Debug|Any CPU.ActiveCfg = Debug|Any CPU
		{814C8C51-9F8F-45AD-BE8C-8B1A89AD6EBD}.Debug|Any CPU.Build.0 = Debug|Any CPU
		{814C8C51-9F8F-45AD-BE8C-8B1A89AD6EBD}.Release|Any CPU.ActiveCfg = Release|Any CPU
		{814C8C51-9F8F-45AD-BE8C-8B1A89AD6EBD}.Release|Any CPU.Build.0 = Release|Any CPU
		{340FB60D-220C-41AE-88F2-C24831B593C6}.Debug|Any CPU.ActiveCfg = Debug|Any CPU
		{340FB60D-220C-41AE-88F2-C24831B593C6}.Debug|Any CPU.Build.0 = Debug|Any CPU
		{340FB60D-220C-41AE-88F2-C24831B593C6}.Release|Any CPU.ActiveCfg = Release|Any CPU
		{340FB60D-220C-41AE-88F2-C24831B593C6}.Release|Any CPU.Build.0 = Release|Any CPU
		{D3EF3F2F-6351-4E2F-9650-7C8271B6EADA}.Debug|Any CPU.ActiveCfg = Debug|Any CPU
		{D3EF3F2F-6351-4E2F-9650-7C8271B6EADA}.Debug|Any CPU.Build.0 = Debug|Any CPU
		{D3EF3F2F-6351-4E2F-9650-7C8271B6EADA}.Release|Any CPU.ActiveCfg = Release|Any CPU
		{D3EF3F2F-6351-4E2F-9650-7C8271B6EADA}.Release|Any CPU.Build.0 = Release|Any CPU
	EndGlobalSection
	GlobalSection(SolutionProperties) = preSolution
		HideSolutionNode = FALSE
	EndGlobalSection
	GlobalSection(ExtensibilityGlobals) = postSolution
		SolutionGuid = {DB56684E-62BF-496F-B4ED-BC350A1045C8}
	EndGlobalSection
EndGlobal
